
Microsoft Visual Studio Solution File, Format Version 12.00
# Visual Studio 15
Project("{FAE04EC0-301F-11D3-BF4B-00C04F79EFBC}") = "CanonGame", "CanonGame.csproj", "{8513FD4E-8F24-C657-FFD8-C926449A1760}"
EndProject
Project("{FAE04EC0-301F-11D3-BF4B-00C04F79EFBC}") = "CanonGame.Plugins", "CanonGame.Plugins.csproj", "{169DF40F-872E-2C54-8BFF-219A3D869900}"
EndProject
Project("{FAE04EC0-301F-11D3-BF4B-00C04F79EFBC}") = "CanonGame.Editor.Plugins", "CanonGame.Editor.Plugins.csproj", "{07DC0CED-EAE0-6700-2F10-653052DCF1A6}"
EndProject
Project("{FAE04EC0-301F-11D3-BF4B-00C04F79EFBC}") = "CanonGame.Editor", "CanonGame.Editor.csproj", "{6E13A5F0-0E0C-5D17-B8FF-F53D17F9219F}"
EndProject
Global
	GlobalSection(SolutionConfigurationPlatforms) = preSolution
		Debug|Any CPU = Debug|Any CPU
		Release|Any CPU = Release|Any CPU
	EndGlobalSection
	GlobalSection(ProjectConfigurationPlatforms) = postSolution
		{8513FD4E-8F24-C657-FFD8-C926449A1760}.Debug|Any CPU.ActiveCfg = Debug|Any CPU
		{8513FD4E-8F24-C657-FFD8-C926449A1760}.Debug|Any CPU.Build.0 = Debug|Any CPU
		{8513FD4E-8F24-C657-FFD8-C926449A1760}.Release|Any CPU.ActiveCfg = Release|Any CPU
		{8513FD4E-8F24-C657-FFD8-C926449A1760}.Release|Any CPU.Build.0 = Release|Any CPU
		{169DF40F-872E-2C54-8BFF-219A3D869900}.Debug|Any CPU.ActiveCfg = Debug|Any CPU
		{169DF40F-872E-2C54-8BFF-219A3D869900}.Debug|Any CPU.Build.0 = Debug|Any CPU
		{169DF40F-872E-2C54-8BFF-219A3D869900}.Release|Any CPU.ActiveCfg = Release|Any CPU
		{169DF40F-872E-2C54-8BFF-219A3D869900}.Release|Any CPU.Build.0 = Release|Any CPU
		{07DC0CED-EAE0-6700-2F10-653052DCF1A6}.Debug|Any CPU.ActiveCfg = Debug|Any CPU
		{07DC0CED-EAE0-6700-2F10-653052DCF1A6}.Debug|Any CPU.Build.0 = Debug|Any CPU
		{07DC0CED-EAE0-6700-2F10-653052DCF1A6}.Release|Any CPU.ActiveCfg = Release|Any CPU
		{07DC0CED-EAE0-6700-2F10-653052DCF1A6}.Release|Any CPU.Build.0 = Release|Any CPU
		{6E13A5F0-0E0C-5D17-B8FF-F53D17F9219F}.Debug|Any CPU.ActiveCfg = Debug|Any CPU
		{6E13A5F0-0E0C-5D17-B8FF-F53D17F9219F}.Debug|Any CPU.Build.0 = Debug|Any CPU
		{6E13A5F0-0E0C-5D17-B8FF-F53D17F9219F}.Release|Any CPU.ActiveCfg = Release|Any CPU
		{6E13A5F0-0E0C-5D17-B8FF-F53D17F9219F}.Release|Any CPU.Build.0 = Release|Any CPU
	EndGlobalSection
	GlobalSection(SolutionProperties) = preSolution
		HideSolutionNode = FALSE
	EndGlobalSection
EndGlobal
